
Microsoft Visual Studio Solution File, Format Version 12.00
# Visual Studio 2013
VisualStudioVersion = 12.0.30723.0
MinimumVisualStudioVersion = 10.0.40219.1
Project("{FAE04EC0-301F-11D3-BF4B-00C04F79EFBC}") = "Musicista", "Musicista\Musicista.csproj", "{0EB1B25A-726D-4A24-B06A-D72DD064177F}"
EndProject
Project("{FAE04EC0-301F-11D3-BF4B-00C04F79EFBC}") = "Model", "Model\Model.csproj", "{482EA0C1-BB86-4D52-AF7F-0EB53928F341}"
EndProject
Project("{FAE04EC0-301F-11D3-BF4B-00C04F79EFBC}") = "MusicXML", "MusicXML\MusicXML.csproj", "{491C9DAD-A8A3-409E-B986-897EB7C793C9}"
EndProject
Project("{FAE04EC0-301F-11D3-BF4B-00C04F79EFBC}") = "Midi", "Midi\Midi.csproj", "{ACF70141-FF57-4394-B7D3-846DFB6C53E7}"
EndProject
Project("{FAE04EC0-301F-11D3-BF4B-00C04F79EFBC}") = "MuseScoreAPI", "MuseScoreAPI\MuseScoreAPI.csproj", "{05903599-3447-40C3-88F0-5F8194D49E8B}"
	ProjectSection(ProjectDependencies) = postProject
		{2ECECFBF-5F3E-40EE-A963-72336DC7ABE2} = {2ECECFBF-5F3E-40EE-A963-72336DC7ABE2}
	EndProjectSection
EndProject
Project("{FAE04EC0-301F-11D3-BF4B-00C04F79EFBC}") = "Collection", "Collection\Collection.csproj", "{F53FBFAF-E8E7-42C9-A303-D83554D46569}"
EndProject
Project("{FAE04EC0-301F-11D3-BF4B-00C04F79EFBC}") = "RestSharp", "RestSharp\RestSharp.csproj", "{2ECECFBF-5F3E-40EE-A963-72336DC7ABE2}"
EndProject
Project("{FAE04EC0-301F-11D3-BF4B-00C04F79EFBC}") = "UIControls", "UIControls\UIControls.csproj", "{A3082956-9EE4-4B35-9B4E-B07D0C4C8B56}"
EndProject
Project("{FAE04EC0-301F-11D3-BF4B-00C04F79EFBC}") = "Mixpanel.NET", "Mixpanel.NET\Mixpanel.NET.csproj", "{352023D1-2498-44E2-B2A8-340FA959FEDE}"
EndProject
Project("{FAE04EC0-301F-11D3-BF4B-00C04F79EFBC}") = "Algorithms", "Algorithms\Algorithms.csproj", "{34049660-C922-4BCD-9780-ECD1653A7778}"
EndProject
Global
	GlobalSection(SolutionConfigurationPlatforms) = preSolution
		Debug|Any CPU = Debug|Any CPU
		Debug|Mixed Platforms = Debug|Mixed Platforms
		Debug|x86 = Debug|x86
		Release|Any CPU = Release|Any CPU
		Release|Mixed Platforms = Release|Mixed Platforms
		Release|x86 = Release|x86
	EndGlobalSection
	GlobalSection(ProjectConfigurationPlatforms) = postSolution
		{0EB1B25A-726D-4A24-B06A-D72DD064177F}.Debug|Any CPU.ActiveCfg = Debug|Any CPU
		{0EB1B25A-726D-4A24-B06A-D72DD064177F}.Debug|Any CPU.Build.0 = Debug|Any CPU
		{0EB1B25A-726D-4A24-B06A-D72DD064177F}.Debug|Mixed Platforms.ActiveCfg = Debug|Any CPU
		{0EB1B25A-726D-4A24-B06A-D72DD064177F}.Debug|Mixed Platforms.Build.0 = Debug|Any CPU
		{0EB1B25A-726D-4A24-B06A-D72DD064177F}.Debug|x86.ActiveCfg = Debug|Any CPU
		{0EB1B25A-726D-4A24-B06A-D72DD064177F}.Release|Any CPU.ActiveCfg = Release|Any CPU
		{0EB1B25A-726D-4A24-B06A-D72DD064177F}.Release|Any CPU.Build.0 = Release|Any CPU
		{0EB1B25A-726D-4A24-B06A-D72DD064177F}.Release|Mixed Platforms.ActiveCfg = Release|Any CPU
		{0EB1B25A-726D-4A24-B06A-D72DD064177F}.Release|Mixed Platforms.Build.0 = Release|Any CPU
		{0EB1B25A-726D-4A24-B06A-D72DD064177F}.Release|x86.ActiveCfg = Release|Any CPU
		{482EA0C1-BB86-4D52-AF7F-0EB53928F341}.Debug|Any CPU.ActiveCfg = Debug|Any CPU
		{482EA0C1-BB86-4D52-AF7F-0EB53928F341}.Debug|Any CPU.Build.0 = Debug|Any CPU
		{482EA0C1-BB86-4D52-AF7F-0EB53928F341}.Debug|Mixed Platforms.ActiveCfg = Debug|Any CPU
		{482EA0C1-BB86-4D52-AF7F-0EB53928F341}.Debug|Mixed Platforms.Build.0 = Debug|Any CPU
		{482EA0C1-BB86-4D52-AF7F-0EB53928F341}.Debug|x86.ActiveCfg = Debug|Any CPU
		{482EA0C1-BB86-4D52-AF7F-0EB53928F341}.Release|Any CPU.ActiveCfg = Release|Any CPU
		{482EA0C1-BB86-4D52-AF7F-0EB53928F341}.Release|Any CPU.Build.0 = Release|Any CPU
		{482EA0C1-BB86-4D52-AF7F-0EB53928F341}.Release|Mixed Platforms.ActiveCfg = Release|Any CPU
		{482EA0C1-BB86-4D52-AF7F-0EB53928F341}.Release|Mixed Platforms.Build.0 = Release|Any CPU
		{482EA0C1-BB86-4D52-AF7F-0EB53928F341}.Release|x86.ActiveCfg = Release|Any CPU
		{491C9DAD-A8A3-409E-B986-897EB7C793C9}.Debug|Any CPU.ActiveCfg = Debug|Any CPU
		{491C9DAD-A8A3-409E-B986-897EB7C793C9}.Debug|Any CPU.Build.0 = Debug|Any CPU
		{491C9DAD-A8A3-409E-B986-897EB7C793C9}.Debug|Mixed Platforms.ActiveCfg = Debug|Any CPU
		{491C9DAD-A8A3-409E-B986-897EB7C793C9}.Debug|Mixed Platforms.Build.0 = Debug|Any CPU
		{491C9DAD-A8A3-409E-B986-897EB7C793C9}.Debug|x86.ActiveCfg = Debug|Any CPU
		{491C9DAD-A8A3-409E-B986-897EB7C793C9}.Release|Any CPU.ActiveCfg = Release|Any CPU
		{491C9DAD-A8A3-409E-B986-897EB7C793C9}.Release|Any CPU.Build.0 = Release|Any CPU
		{491C9DAD-A8A3-409E-B986-897EB7C793C9}.Release|Mixed Platforms.ActiveCfg = Release|Any CPU
		{491C9DAD-A8A3-409E-B986-897EB7C793C9}.Release|Mixed Platforms.Build.0 = Release|Any CPU
		{491C9DAD-A8A3-409E-B986-897EB7C793C9}.Release|x86.ActiveCfg = Release|Any CPU
		{ACF70141-FF57-4394-B7D3-846DFB6C53E7}.Debug|Any CPU.ActiveCfg = Debug|x86
		{ACF70141-FF57-4394-B7D3-846DFB6C53E7}.Debug|Mixed Platforms.ActiveCfg = Debug|x86
		{ACF70141-FF57-4394-B7D3-846DFB6C53E7}.Debug|Mixed Platforms.Build.0 = Debug|x86
		{ACF70141-FF57-4394-B7D3-846DFB6C53E7}.Debug|x86.ActiveCfg = Debug|x86
		{ACF70141-FF57-4394-B7D3-846DFB6C53E7}.Debug|x86.Build.0 = Debug|x86
		{ACF70141-FF57-4394-B7D3-846DFB6C53E7}.Release|Any CPU.ActiveCfg = Release|x86
		{ACF70141-FF57-4394-B7D3-846DFB6C53E7}.Release|Mixed Platforms.ActiveCfg = Release|x86
		{ACF70141-FF57-4394-B7D3-846DFB6C53E7}.Release|Mixed Platforms.Build.0 = Release|x86
		{ACF70141-FF57-4394-B7D3-846DFB6C53E7}.Release|x86.ActiveCfg = Release|x86
		{ACF70141-FF57-4394-B7D3-846DFB6C53E7}.Release|x86.Build.0 = Release|x86
		{05903599-3447-40C3-88F0-5F8194D49E8B}.Debug|Any CPU.ActiveCfg = Debug|Any CPU
		{05903599-3447-40C3-88F0-5F8194D49E8B}.Debug|Any CPU.Build.0 = Debug|Any CPU
		{05903599-3447-40C3-88F0-5F8194D49E8B}.Debug|Mixed Platforms.ActiveCfg = Debug|Any CPU
		{05903599-3447-40C3-88F0-5F8194D49E8B}.Debug|Mixed Platforms.Build.0 = Debug|Any CPU
		{05903599-3447-40C3-88F0-5F8194D49E8B}.Debug|x86.ActiveCfg = Debug|Any CPU
		{05903599-3447-40C3-88F0-5F8194D49E8B}.Release|Any CPU.ActiveCfg = Release|Any CPU
		{05903599-3447-40C3-88F0-5F8194D49E8B}.Release|Any CPU.Build.0 = Release|Any CPU
		{05903599-3447-40C3-88F0-5F8194D49E8B}.Release|Mixed Platforms.ActiveCfg = Release|Any CPU
		{05903599-3447-40C3-88F0-5F8194D49E8B}.Release|Mixed Platforms.Build.0 = Release|Any CPU
		{05903599-3447-40C3-88F0-5F8194D49E8B}.Release|x86.ActiveCfg = Release|Any CPU
		{F53FBFAF-E8E7-42C9-A303-D83554D46569}.Debug|Any CPU.ActiveCfg = Debug|Any CPU
		{F53FBFAF-E8E7-42C9-A303-D83554D46569}.Debug|Any CPU.Build.0 = Debug|Any CPU
		{F53FBFAF-E8E7-42C9-A303-D83554D46569}.Debug|Mixed Platforms.ActiveCfg = Debug|Any CPU
		{F53FBFAF-E8E7-42C9-A303-D83554D46569}.Debug|Mixed Platforms.Build.0 = Debug|Any CPU
		{F53FBFAF-E8E7-42C9-A303-D83554D46569}.Debug|x86.ActiveCfg = Debug|Any CPU
		{F53FBFAF-E8E7-42C9-A303-D83554D46569}.Release|Any CPU.ActiveCfg = Release|Any CPU
		{F53FBFAF-E8E7-42C9-A303-D83554D46569}.Release|Any CPU.Build.0 = Release|Any CPU
		{F53FBFAF-E8E7-42C9-A303-D83554D46569}.Release|Mixed Platforms.ActiveCfg = Release|Any CPU
		{F53FBFAF-E8E7-42C9-A303-D83554D46569}.Release|Mixed Platforms.Build.0 = Release|Any CPU
		{F53FBFAF-E8E7-42C9-A303-D83554D46569}.Release|x86.ActiveCfg = Release|Any CPU
		{2ECECFBF-5F3E-40EE-A963-72336DC7ABE2}.Debug|Any CPU.ActiveCfg = Debug|Any CPU
		{2ECECFBF-5F3E-40EE-A963-72336DC7ABE2}.Debug|Any CPU.Build.0 = Debug|Any CPU
		{2ECECFBF-5F3E-40EE-A963-72336DC7ABE2}.Debug|Mixed Platforms.ActiveCfg = Debug|Any CPU
		{2ECECFBF-5F3E-40EE-A963-72336DC7ABE2}.Debug|Mixed Platforms.Build.0 = Debug|Any CPU
		{2ECECFBF-5F3E-40EE-A963-72336DC7ABE2}.Debug|x86.ActiveCfg = Debug|Any CPU
		{2ECECFBF-5F3E-40EE-A963-72336DC7ABE2}.Release|Any CPU.ActiveCfg = Release|Any CPU
		{2ECECFBF-5F3E-40EE-A963-72336DC7ABE2}.Release|Any CPU.Build.0 = Release|Any CPU
		{2ECECFBF-5F3E-40EE-A963-72336DC7ABE2}.Release|Mixed Platforms.ActiveCfg = Release|Any CPU
		{2ECECFBF-5F3E-40EE-A963-72336DC7ABE2}.Release|Mixed Platforms.Build.0 = Release|Any CPU
		{2ECECFBF-5F3E-40EE-A963-72336DC7ABE2}.Release|x86.ActiveCfg = Release|Any CPU
		{A3082956-9EE4-4B35-9B4E-B07D0C4C8B56}.Debug|Any CPU.ActiveCfg = Debug|Any CPU
		{A3082956-9EE4-4B35-9B4E-B07D0C4C8B56}.Debug|Any CPU.Build.0 = Debug|Any CPU
		{A3082956-9EE4-4B35-9B4E-B07D0C4C8B56}.Debug|Mixed Platforms.ActiveCfg = Debug|Any CPU
		{A3082956-9EE4-4B35-9B4E-B07D0C4C8B56}.Debug|Mixed Platforms.Build.0 = Debug|Any CPU
		{A3082956-9EE4-4B35-9B4E-B07D0C4C8B56}.Debug|x86.ActiveCfg = Debug|Any CPU
		{A3082956-9EE4-4B35-9B4E-B07D0C4C8B56}.Release|Any CPU.ActiveCfg = Release|Any CPU
		{A3082956-9EE4-4B35-9B4E-B07D0C4C8B56}.Release|Any CPU.Build.0 = Release|Any CPU
		{A3082956-9EE4-4B35-9B4E-B07D0C4C8B56}.Release|Mixed Platforms.ActiveCfg = Release|Any CPU
		{A3082956-9EE4-4B35-9B4E-B07D0C4C8B56}.Release|Mixed Platforms.Build.0 = Release|Any CPU
		{A3082956-9EE4-4B35-9B4E-B07D0C4C8B56}.Release|x86.ActiveCfg = Release|Any CPU
		{352023D1-2498-44E2-B2A8-340FA959FEDE}.Debug|Any CPU.ActiveCfg = Debug|Any CPU
		{352023D1-2498-44E2-B2A8-340FA959FEDE}.Debug|Any CPU.Build.0 = Debug|Any CPU
		{352023D1-2498-44E2-B2A8-340FA959FEDE}.Debug|Mixed Platforms.ActiveCfg = Debug|Any CPU
		{352023D1-2498-44E2-B2A8-340FA959FEDE}.Debug|Mixed Platforms.Build.0 = Debug|Any CPU
		{352023D1-2498-44E2-B2A8-340FA959FEDE}.Debug|x86.ActiveCfg = Debug|Any CPU
		{352023D1-2498-44E2-B2A8-340FA959FEDE}.Release|Any CPU.ActiveCfg = Release|Any CPU
		{352023D1-2498-44E2-B2A8-340FA959FEDE}.Release|Any CPU.Build.0 = Release|Any CPU
		{352023D1-2498-44E2-B2A8-340FA959FEDE}.Release|Mixed Platforms.ActiveCfg = Release|Any CPU
		{352023D1-2498-44E2-B2A8-340FA959FEDE}.Release|Mixed Platforms.Build.0 = Release|Any CPU
		{352023D1-2498-44E2-B2A8-340FA959FEDE}.Release|x86.ActiveCfg = Release|Any CPU
		{34049660-C922-4BCD-9780-ECD1653A7778}.Debug|Any CPU.ActiveCfg = Debug|Any CPU
		{34049660-C922-4BCD-9780-ECD1653A7778}.Debug|Any CPU.Build.0 = Debug|Any CPU
		{34049660-C922-4BCD-9780-ECD1653A7778}.Debug|Mixed Platforms.ActiveCfg = Debug|Any CPU
		{34049660-C922-4BCD-9780-ECD1653A7778}.Debug|Mixed Platforms.Build.0 = Debug|Any CPU
		{34049660-C922-4BCD-9780-ECD1653A7778}.Debug|x86.ActiveCfg = Debug|Any CPU
		{34049660-C922-4BCD-9780-ECD1653A7778}.Release|Any CPU.ActiveCfg = Release|Any CPU
		{34049660-C922-4BCD-9780-ECD1653A7778}.Release|Any CPU.Build.0 = Release|Any CPU
		{34049660-C922-4BCD-9780-ECD1653A7778}.Release|Mixed Platforms.ActiveCfg = Release|Any CPU
		{34049660-C922-4BCD-9780-ECD1653A7778}.Release|Mixed Platforms.Build.0 = Release|Any CPU
		{34049660-C922-4BCD-9780-ECD1653A7778}.Release|x86.ActiveCfg = Release|Any CPU
	EndGlobalSection
	GlobalSection(SolutionProperties) = preSolution
		HideSolutionNode = FALSE
	EndGlobalSection
EndGlobal
